{
  "name": "mantis-free-angular-admin-template",
  "version": "4.1.0",
  "lockfileVersion": 1,
  "requires": true,
  "dependencies": {
    "@angular/animations": {
      "version": "18.2.5",
      "resolved": "https://registry.npmjs.org/@angular/animations/-/animations-18.2.5.tgz",
      "integrity": "sha512-IlXtW/Nj48ZzjHUzH1TykZcSR64ScJx39T3IHnjV2z/bVATzZ36JGoadQHdqpJNKBodYJNgtJCGLCbgAvGWY2g==",
      "requires": {
        "tslib": "2.7.0"
      },
      "dependencies": {
        "tslib": {
          "version": "2.7.0",
          "resolved": "https://registry.npmjs.org/tslib/-/tslib-2.7.0.tgz",
          "integrity": "sha512-gLXCKdN1/j47AiHiOkJN69hJmcbGTHI0ImLmbYLHykhgeN0jVGola9yVjFgzCUklsZQMW55o+dW7IXv3RCXDzA=="
        }
      }
    },
    "@angular/common": {
      "version": "18.2.4",
      "resolved": "https://registry.npmjs.org/@angular/common/-/common-18.2.4.tgz",
      "integrity": "sha512-flUaKhdr8KvtjH0cLC6Rrjirt8GsiFlrmZLZplr784O3Gkei2VBBNFoopgmlEzbVGPiIG5QlFZH9yvah6JPQZw==",
      "requires": {
        "tslib": "2.7.0"
      },
      "dependencies": {
        "tslib": {
          "version": "2.7.0",
          "resolved": "https://registry.npmjs.org/tslib/-/tslib-2.7.0.tgz",
          "integrity": "sha512-gLXCKdN1/j47AiHiOkJN69hJmcbGTHI0ImLmbYLHykhgeN0jVGola9yVjFgzCUklsZQMW55o+dW7IXv3RCXDzA=="
        }
      }
    },
    "@angular/core": {
      "version": "18.2.4",
      "resolved": "https://registry.npmjs.org/@angular/core/-/core-18.2.4.tgz",
      "integrity": "sha512-ulYmYpI/ZVQ5BL38rBy4DS/9wgGWmVD9Uo6tcrLqCzt1G1G2nKwseZv009536pHfk6dj2HdPSkpcerhWh57DWw==",
      "requires": {
        "tslib": "2.7.0"
      },
      "dependencies": {
        "tslib": {
          "version": "2.7.0",
          "resolved": "https://registry.npmjs.org/tslib/-/tslib-2.7.0.tgz",
          "integrity": "sha512-gLXCKdN1/j47AiHiOkJN69hJmcbGTHI0ImLmbYLHykhgeN0jVGola9yVjFgzCUklsZQMW55o+dW7IXv3RCXDzA=="
        }
      }
    },
    "@angular/forms": {
      "version": "18.2.4",
      "resolved": "https://registry.npmjs.org/@angular/forms/-/forms-18.2.4.tgz",
      "integrity": "sha512-rlLhReauUz6jhLCEkGabLqqF6xLaTfvxafuj2ojzcqoKGSZcXDIM/UOSoWX756B8NtrpsuglpGBZjZlsrAZGsg==",
      "requires": {
        "tslib": "2.7.0"
      },
      "dependencies": {
        "tslib": {
          "version": "2.7.0",
          "resolved": "https://registry.npmjs.org/tslib/-/tslib-2.7.0.tgz",
          "integrity": "sha512-gLXCKdN1/j47AiHiOkJN69hJmcbGTHI0ImLmbYLHykhgeN0jVGola9yVjFgzCUklsZQMW55o+dW7IXv3RCXDzA=="
        }
      }
    },
    "@angular/platform-browser": {
      "version": "18.2.4",
      "resolved": "https://registry.npmjs.org/@angular/platform-browser/-/platform-browser-18.2.4.tgz",
      "integrity": "sha512-ddzq5MyPvFyTv0kUe8U9fbhE1nZtLYBCFKDqICrzHXiVRAdqLv6qtE5PtbURrdspSy1u/YEGV4LdkNJK3UgnZQ==",
      "requires": {
        "tslib": "2.7.0"
      },
      "dependencies": {
        "tslib": {
          "version": "2.7.0",
          "resolved": "https://registry.npmjs.org/tslib/-/tslib-2.7.0.tgz",
          "integrity": "sha512-gLXCKdN1/j47AiHiOkJN69hJmcbGTHI0ImLmbYLHykhgeN0jVGola9yVjFgzCUklsZQMW55o+dW7IXv3RCXDzA=="
        }
      }
    },
    "@angular/platform-browser-dynamic": {
      "version": "18.2.4",
      "resolved": "https://registry.npmjs.org/@angular/platform-browser-dynamic/-/platform-browser-dynamic-18.2.4.tgz",
      "integrity": "sha512-0nA04zJueGzdnl37TJ7guDCrzxYS4fjqgvYKiOpFktpMHPuNrBlAQo5YA7u20HGFG3i47PQh7hEWhQaqcXXpQw==",
      "requires": {
        "tslib": "2.7.0"
      },
      "dependencies": {
        "tslib": {
          "version": "2.7.0",
          "resolved": "https://registry.npmjs.org/tslib/-/tslib-2.7.0.tgz",
          "integrity": "sha512-gLXCKdN1/j47AiHiOkJN69hJmcbGTHI0ImLmbYLHykhgeN0jVGola9yVjFgzCUklsZQMW55o+dW7IXv3RCXDzA=="
        }
      }
    },
    "@angular/router": {
      "version": "18.2.4",
      "resolved": "https://registry.npmjs.org/@angular/router/-/router-18.2.4.tgz",
      "integrity": "sha512-kYNHD3K1Xou2PRMqbG2tVahtMobgDlhwHdMB7G5oFHg6K13gQ2TmopF1U5A2wYtIMdsC+AkVGIJEOxQN8fmgcA==",
      "requires": {
        "tslib": "2.7.0"
      },
      "dependencies": {
        "tslib": {
          "version": "2.7.0",
          "resolved": "https://registry.npmjs.org/tslib/-/tslib-2.7.0.tgz",
          "integrity": "sha512-gLXCKdN1/j47AiHiOkJN69hJmcbGTHI0ImLmbYLHykhgeN0jVGola9yVjFgzCUklsZQMW55o+dW7IXv3RCXDzA=="
        }
      }
    },
    "@ant-design/colors": {
      "version": "7.1.0",
      "resolved": "https://registry.npmjs.org/@ant-design/colors/-/colors-7.1.0.tgz",
      "integrity": "sha512-MMoDGWn1y9LdQJQSHiCC20x3uZ3CwQnv9QMz6pCmJOrqdgM9YxsoVVY0wtrdXbmfSgnV0KNk6zi09NAhMR2jvg==",
      "requires": {
        "@ctrl/tinycolor": "3.6.1"
      }
    },
    "@ant-design/icons-angular": {
      "version": "18.0.0",
      "resolved": "https://registry.npmjs.org/@ant-design/icons-angular/-/icons-angular-18.0.0.tgz",
      "integrity": "sha512-nxNtHKd7MyGNnEyv22NK5hZ/Pczp63XJfej9zPjxiXm0wvJeIdMNUPOKtsdVkyPTRjRGHGe7F9M0Gv9SmyIjrQ==",
      "requires": {
        "@ant-design/colors": "7.1.0",
        "tslib": "2.7.0"
      },
      "dependencies": {
        "tslib": {
          "version": "2.7.0",
          "resolved": "https://registry.npmjs.org/tslib/-/tslib-2.7.0.tgz",
          "integrity": "sha512-gLXCKdN1/j47AiHiOkJN69hJmcbGTHI0ImLmbYLHykhgeN0jVGola9yVjFgzCUklsZQMW55o+dW7IXv3RCXDzA=="
        }
      }
    },
    "@ctrl/tinycolor": {
      "version": "3.6.1",
      "resolved": "https://registry.npmjs.org/@ctrl/tinycolor/-/tinycolor-3.6.1.tgz",
      "integrity": "sha512-SITSV6aIXsuVNV3f3O0f2n/cgyEDWoSqtZMYiAmcsYHydcKrOz3gUxB/iXd/Qf08+IZX4KpgNbvUdMBmWz+kcA=="
    },
    "rxjs": {
      "version": "7.8.1",
      "resolved": "https://registry.npmjs.org/rxjs/-/rxjs-7.8.1.tgz",
      "integrity": "sha512-AA3TVj+0A2iuIoQkWEK/tqFjBq2j+6PO6Y0zJcvzLAFhEFIO3HL0vls9hWLncZbAAbK0mar7oZ4V079I/qPMxg==",
      "requires": {
        "tslib": "2.7.0"
      },
      "dependencies": {
        "tslib": {
          "version": "2.7.0",
          "resolved": "https://registry.npmjs.org/tslib/-/tslib-2.7.0.tgz",
          "integrity": "sha512-gLXCKdN1/j47AiHiOkJN69hJmcbGTHI0ImLmbYLHykhgeN0jVGola9yVjFgzCUklsZQMW55o+dW7IXv3RCXDzA=="
        }
      }
    },
    "sweetalert2": {
      "version": "11.14.0",
      "resolved": "https://registry.npmjs.org/sweetalert2/-/sweetalert2-11.14.0.tgz",
      "integrity": "sha512-kF1Q/+GtZZXr+rYVcBNwlEsnxP089CpDbck+MYjvLaQj9x4fzHqN9UhlkHOIR0k09LVu2sx8cU9BnvRlxWIZqg=="
    }
  }
}
